
Microsoft Visual Studio Solution File, Format Version 12.00
# Visual Studio Version 17
VisualStudioVersion = 17.0.31903.59
MinimumVisualStudioVersion = 10.0.40219.1
Project("{2150E333-8FDC-42A3-9474-1A3956D46DE8}") = "src", "src", "{4A00B103-FC91-4943-838E-D4234B9FD432}"
EndProject
Project("{2150E333-8FDC-42A3-9474-1A3956D46DE8}") = "api", "api", "{6CDA17C3-6B3B-49CB-8C8E-E2BC09E981FF}"
EndProject
Project("{FAE04EC0-301F-11D3-BF4B-00C04F79EFBC}") = "Scheming.Wizard.Api", "src\api\Scheming.Wizard.Api\Scheming.Wizard.Api.csproj", "{5982EFC3-1CF6-48FB-B5DD-2167EED80042}"
EndProject
Project("{FAE04EC0-301F-11D3-BF4B-00C04F79EFBC}") = "Scheming.Wizard.Data", "src\api\Scheming.Wizard.Data\Scheming.Wizard.Data.csproj", "{4B85D820-5A13-45C5-A735-22A1FF019BAF}"
EndProject
Project("{FAE04EC0-301F-11D3-BF4B-00C04F79EFBC}") = "Scheming.Wizard.Domain", "src\api\Scheming.Wizard.Domain\Scheming.Wizard.Domain.csproj", "{9421BE7F-48B3-4C2B-B8A1-D780C8FF099F}"
EndProject
Global
	GlobalSection(SolutionConfigurationPlatforms) = preSolution
		Debug|Any CPU = Debug|Any CPU
		Release|Any CPU = Release|Any CPU
	EndGlobalSection
	GlobalSection(SolutionProperties) = preSolution
		HideSolutionNode = FALSE
	EndGlobalSection
	GlobalSection(ProjectConfigurationPlatforms) = postSolution
		{5982EFC3-1CF6-48FB-B5DD-2167EED80042}.Debug|Any CPU.ActiveCfg = Debug|Any CPU
		{5982EFC3-1CF6-48FB-B5DD-2167EED80042}.Debug|Any CPU.Build.0 = Debug|Any CPU
		{5982EFC3-1CF6-48FB-B5DD-2167EED80042}.Release|Any CPU.ActiveCfg = Release|Any CPU
		{5982EFC3-1CF6-48FB-B5DD-2167EED80042}.Release|Any CPU.Build.0 = Release|Any CPU
		{4B85D820-5A13-45C5-A735-22A1FF019BAF}.Debug|Any CPU.ActiveCfg = Debug|Any CPU
		{4B85D820-5A13-45C5-A735-22A1FF019BAF}.Debug|Any CPU.Build.0 = Debug|Any CPU
		{4B85D820-5A13-45C5-A735-22A1FF019BAF}.Release|Any CPU.ActiveCfg = Release|Any CPU
		{4B85D820-5A13-45C5-A735-22A1FF019BAF}.Release|Any CPU.Build.0 = Release|Any CPU
		{9421BE7F-48B3-4C2B-B8A1-D780C8FF099F}.Debug|Any CPU.ActiveCfg = Debug|Any CPU
		{9421BE7F-48B3-4C2B-B8A1-D780C8FF099F}.Debug|Any CPU.Build.0 = Debug|Any CPU
		{9421BE7F-48B3-4C2B-B8A1-D780C8FF099F}.Release|Any CPU.ActiveCfg = Release|Any CPU
		{9421BE7F-48B3-4C2B-B8A1-D780C8FF099F}.Release|Any CPU.Build.0 = Release|Any CPU
	EndGlobalSection
	GlobalSection(NestedProjects) = preSolution
		{6CDA17C3-6B3B-49CB-8C8E-E2BC09E981FF} = {4A00B103-FC91-4943-838E-D4234B9FD432}
		{5982EFC3-1CF6-48FB-B5DD-2167EED80042} = {6CDA17C3-6B3B-49CB-8C8E-E2BC09E981FF}
		{4B85D820-5A13-45C5-A735-22A1FF019BAF} = {6CDA17C3-6B3B-49CB-8C8E-E2BC09E981FF}
		{9421BE7F-48B3-4C2B-B8A1-D780C8FF099F} = {6CDA17C3-6B3B-49CB-8C8E-E2BC09E981FF}
	EndGlobalSection
EndGlobal
